
Microsoft Visual Studio Solution File, Format Version 12.00
# Visual Studio Version 17
VisualStudioVersion = 17.11.35312.102
MinimumVisualStudioVersion = 10.0.40219.1
Project("{FAE04EC0-301F-11D3-BF4B-00C04F79EFBC}") = "Refracció", "Refracció.csproj", "{CDBEA8F9-866D-41CF-B0CA-A14063CE5388}"
EndProject
Global
	GlobalSection(SolutionConfigurationPlatforms) = preSolution
		Debug|Any CPU = Debug|Any CPU
		Release|Any CPU = Release|Any CPU
	EndGlobalSection
	GlobalSection(ProjectConfigurationPlatforms) = postSolution
		{CDBEA8F9-866D-41CF-B0CA-A14063CE5388}.Debug|Any CPU.ActiveCfg = Debug|Any CPU
		{CDBEA8F9-866D-41CF-B0CA-A14063CE5388}.Debug|Any CPU.Build.0 = Debug|Any CPU
		{CDBEA8F9-866D-41CF-B0CA-A14063CE5388}.Release|Any CPU.ActiveCfg = Release|Any CPU
		{CDBEA8F9-866D-41CF-B0CA-A14063CE5388}.Release|Any CPU.Build.0 = Release|Any CPU
	EndGlobalSection
	GlobalSection(SolutionProperties) = preSolution
		HideSolutionNode = FALSE
	EndGlobalSection
	GlobalSection(ExtensibilityGlobals) = postSolution
		SolutionGuid = {A7DE4786-9C5C-40EC-84BD-54EA3071880E}
	EndGlobalSection
EndGlobal
